
Microsoft Visual Studio Solution File, Format Version 12.00
# Visual Studio Version 17
VisualStudioVersion = 17.3.32922.545
MinimumVisualStudioVersion = 10.0.40219.1
Project("{FAE04EC0-301F-11D3-BF4B-00C04F79EFBC}") = "CalisanGiris", "CalisanGiris\CalisanGiris.csproj", "{6FBF9E93-A50D-45F2-8646-63AD544F0850}"
EndProject
Global
	GlobalSection(SolutionConfigurationPlatforms) = preSolution
		Debug|Any CPU = Debug|Any CPU
		Release|Any CPU = Release|Any CPU
	EndGlobalSection
	GlobalSection(ProjectConfigurationPlatforms) = postSolution
		{6FBF9E93-A50D-45F2-8646-63AD544F0850}.Debug|Any CPU.ActiveCfg = Debug|Any CPU
		{6FBF9E93-A50D-45F2-8646-63AD544F0850}.Debug|Any CPU.Build.0 = Debug|Any CPU
		{6FBF9E93-A50D-45F2-8646-63AD544F0850}.Release|Any CPU.ActiveCfg = Release|Any CPU
		{6FBF9E93-A50D-45F2-8646-63AD544F0850}.Release|Any CPU.Build.0 = Release|Any CPU
	EndGlobalSection
	GlobalSection(SolutionProperties) = preSolution
		HideSolutionNode = FALSE
	EndGlobalSection
	GlobalSection(ExtensibilityGlobals) = postSolution
		SolutionGuid = {ECF14366-0F8E-433B-A200-B11EF6347F71}
	EndGlobalSection
EndGlobal
